
Microsoft Visual Studio Solution File, Format Version 12.00
# Visual Studio Version 16
VisualStudioVersion = 16.0.32228.343
MinimumVisualStudioVersion = 10.0.40219.1
Project("{FAE04EC0-301F-11D3-BF4B-00C04F79EFBC}") = "GitTest", "GitTest\GitTest.csproj", "{4E77C27C-0EF3-43C6-9142-574160E0C9BA}"
EndProject
Global
	GlobalSection(SolutionConfigurationPlatforms) = preSolution
		Debug|Any CPU = Debug|Any CPU
		Release|Any CPU = Release|Any CPU
	EndGlobalSection
	GlobalSection(ProjectConfigurationPlatforms) = postSolution
		{4E77C27C-0EF3-43C6-9142-574160E0C9BA}.Debug|Any CPU.ActiveCfg = Debug|Any CPU
		{4E77C27C-0EF3-43C6-9142-574160E0C9BA}.Debug|Any CPU.Build.0 = Debug|Any CPU
		{4E77C27C-0EF3-43C6-9142-574160E0C9BA}.Release|Any CPU.ActiveCfg = Release|Any CPU
		{4E77C27C-0EF3-43C6-9142-574160E0C9BA}.Release|Any CPU.Build.0 = Release|Any CPU
	EndGlobalSection
	GlobalSection(SolutionProperties) = preSolution
		HideSolutionNode = FALSE
	EndGlobalSection
	GlobalSection(ExtensibilityGlobals) = postSolution
		SolutionGuid = {0DAFB19A-E233-4E7A-85A7-0CD36EB4C066}
	EndGlobalSection
EndGlobal
